Microsoft Visual Studio Solution File, Format Version 7.00
Project("{FAE04EC0-301F-11D3-BF4B-00C04F79EFBC}") = "WinServiceManage", "WinServiceManage.csproj", "{13756941-9D44-4BE2-AB7F-483B9FAF46B8}"
EndProject
Global
	GlobalSection(SolutionConfiguration) = preSolution
		ConfigName.0 = Debug
		ConfigName.1 = Release
	EndGlobalSection
	GlobalSection(ProjectDependencies) = postSolution
	EndGlobalSection
	GlobalSection(ProjectConfiguration) = postSolution
		{13756941-9D44-4BE2-AB7F-483B9FAF46B8}.Debug.ActiveCfg = Debug|.NET
		{13756941-9D44-4BE2-AB7F-483B9FAF46B8}.Debug.Build.0 = Debug|.NET
		{13756941-9D44-4BE2-AB7F-483B9FAF46B8}.Release.ActiveCfg = Release|.NET
		{13756941-9D44-4BE2-AB7F-483B9FAF46B8}.Release.Build.0 = Release|.NET
	EndGlobalSection
	GlobalSection(ExtensibilityGlobals) = postSolution
	EndGlobalSection
	GlobalSection(ExtensibilityAddIns) = postSolution
	EndGlobalSection
EndGlobal
