
Microsoft Visual Studio Solution File, Format Version 12.00
# Visual Studio 15
VisualStudioVersion = 15.0.28307.438
MinimumVisualStudioVersion = 10.0.40219.1
Project("{FAE04EC0-301F-11D3-BF4B-00C04F79EFBC}") = "ConfigTool", "ConfigTool\ConfigTool.csproj", "{2DF7F8D1-962F-4748-AA2E-06FB0E62CA0C}"
EndProject
Global
	GlobalSection(SolutionConfigurationPlatforms) = preSolution
		Debug|Any CPU = Debug|Any CPU
		Release|Any CPU = Release|Any CPU
	EndGlobalSection
	GlobalSection(ProjectConfigurationPlatforms) = postSolution
		{2DF7F8D1-962F-4748-AA2E-06FB0E62CA0C}.Debug|Any CPU.ActiveCfg = Debug|Any CPU
		{2DF7F8D1-962F-4748-AA2E-06FB0E62CA0C}.Debug|Any CPU.Build.0 = Debug|Any CPU
		{2DF7F8D1-962F-4748-AA2E-06FB0E62CA0C}.Release|Any CPU.ActiveCfg = Release|Any CPU
		{2DF7F8D1-962F-4748-AA2E-06FB0E62CA0C}.Release|Any CPU.Build.0 = Release|Any CPU
	EndGlobalSection
	GlobalSection(SolutionProperties) = preSolution
		HideSolutionNode = FALSE
	EndGlobalSection
	GlobalSection(ExtensibilityGlobals) = postSolution
		SolutionGuid = {3C2A1A41-17B1-4453-82AE-EA25088B7293}
	EndGlobalSection
EndGlobal
